// !$*UTF8*$!
{
	archiveVersion = 1;
	classes = {
	};
	objectVersion = 56;
	objects = {

/* Begin PBXBuildFile section */
		E062CA292A6AC9F50018C5A2 /* MusicPlayingView.swift in Sources */ = {isa = PBXBuildFile; fileRef = E062CA282A6AC9F50018C5A2 /* MusicPlayingView.swift */; };
		E062CA2B2A6ADE6D0018C5A2 /* ProgressBar.swift in Sources */ = {isa = PBXBuildFile; fileRef = E062CA2A2A6ADE6D0018C5A2 /* ProgressBar.swift */; };
		E062CA2D2A6AFB5B0018C5A2 /* SearchViewModel.swift in Sources */ = {isa = PBXBuildFile; fileRef = E062CA2C2A6AFB5B0018C5A2 /* SearchViewModel.swift */; };
		E070C8F82A6EB9AC0023571B /* LibraryView.swift in Sources */ = {isa = PBXBuildFile; fileRef = E070C8F72A6EB9AC0023571B /* LibraryView.swift */; };
		E070C8FA2A6EBD330023571B /* LibraryViewModel.swift in Sources */ = {isa = PBXBuildFile; fileRef = E070C8F92A6EBD330023571B /* LibraryViewModel.swift */; };
		E077FEEA2A69B67A00857A09 /* MusicViewModel.swift in Sources */ = {isa = PBXBuildFile; fileRef = E077FEE92A69B67A00857A09 /* MusicViewModel.swift */; };
		E077FEEC2A69C72F00857A09 /* ProgressDraggableBar.swift in Sources */ = {isa = PBXBuildFile; fileRef = E077FEEB2A69C72F00857A09 /* ProgressDraggableBar.swift */; };
		E0A411622A6399A9005FEF3E /* PlaylistData.swift in Sources */ = {isa = PBXBuildFile; fileRef = E0A411542A6399A9005FEF3E /* PlaylistData.swift */; };
		E0A411632A6399A9005FEF3E /* PlaylistData.json in Resources */ = {isa = PBXBuildFile; fileRef = E0A411552A6399A9005FEF3E /* PlaylistData.json */; };
		E0A411652A6399A9005FEF3E /* AlbumData.swift in Sources */ = {isa = PBXBuildFile; fileRef = E0A411582A6399A9005FEF3E /* AlbumData.swift */; };
		E0A411662A6399A9005FEF3E /* AlbumData.json in Resources */ = {isa = PBXBuildFile; fileRef = E0A411592A6399A9005FEF3E /* AlbumData.json */; };
		E0A411682A6399A9005FEF3E /* PodcastData.swift in Sources */ = {isa = PBXBuildFile; fileRef = E0A4115C2A6399A9005FEF3E /* PodcastData.swift */; };
		E0A411692A6399A9005FEF3E /* PodcastData.json in Resources */ = {isa = PBXBuildFile; fileRef = E0A4115D2A6399A9005FEF3E /* PodcastData.json */; };
		E0A4116B2A6399A9005FEF3E /* AlbumDetails.swift in Sources */ = {isa = PBXBuildFile; fileRef = E0A411602A6399A9005FEF3E /* AlbumDetails.swift */; };
		E0A4116C2A6399A9005FEF3E /* Isles.json in Resources */ = {isa = PBXBuildFile; fileRef = E0A411612A6399A9005FEF3E /* Isles.json */; };
		E0A4116E2A6399D7005FEF3E /* Parser.swift in Sources */ = {isa = PBXBuildFile; fileRef = E0A4116D2A6399D7005FEF3E /* Parser.swift */; };
		E0A411702A63ABE6005FEF3E /* HomeViewModel.swift in Sources */ = {isa = PBXBuildFile; fileRef = E0A4116F2A63ABE6005FEF3E /* HomeViewModel.swift */; };
		E0A411722A63AD8D005FEF3E /* PlaylistViewModel.swift in Sources */ = {isa = PBXBuildFile; fileRef = E0A411712A63AD8D005FEF3E /* PlaylistViewModel.swift */; };
		E0FFD3382A623DB800115D9D /* AppDelegate.swift in Sources */ = {isa = PBXBuildFile; fileRef = E0FFD3372A623DB800115D9D /* AppDelegate.swift */; };
		E0FFD33A2A623DB800115D9D /* SceneDelegate.swift in Sources */ = {isa = PBXBuildFile; fileRef = E0FFD3392A623DB800115D9D /* SceneDelegate.swift */; };
		E0FFD3412A623DBB00115D9D /* Assets.xcassets in Resources */ = {isa = PBXBuildFile; fileRef = E0FFD3402A623DBB00115D9D /* Assets.xcassets */; };
		E0FFD3442A623DBB00115D9D /* LaunchScreen.storyboard in Resources */ = {isa = PBXBuildFile; fileRef = E0FFD3422A623DBB00115D9D /* LaunchScreen.storyboard */; };
		E0FFD34F2A623DE500115D9D /* SearchView.swift in Sources */ = {isa = PBXBuildFile; fileRef = E0FFD34E2A623DE500115D9D /* SearchView.swift */; };
		E0FFD3522A623E1A00115D9D /* SearchTextfield.swift in Sources */ = {isa = PBXBuildFile; fileRef = E0FFD3512A623E1A00115D9D /* SearchTextfield.swift */; };
		E0FFD3552A623E5A00115D9D /* Color+extensions.swift in Sources */ = {isa = PBXBuildFile; fileRef = E0FFD3542A623E5A00115D9D /* Color+extensions.swift */; };
		E0FFD3572A623E7200115D9D /* HomeView.swift in Sources */ = {isa = PBXBuildFile; fileRef = E0FFD3562A623E7200115D9D /* HomeView.swift */; };
		E0FFD35A2A623EB800115D9D /* LogInPageView.swift in Sources */ = {isa = PBXBuildFile; fileRef = E0FFD3592A623EB800115D9D /* LogInPageView.swift */; };
		E0FFD35C2A623ECD00115D9D /* LogInPageViewModel.swift in Sources */ = {isa = PBXBuildFile; fileRef = E0FFD35B2A623ECD00115D9D /* LogInPageViewModel.swift */; };
		E0FFD3612A623F3800115D9D /* PlaylistView.swift in Sources */ = {isa = PBXBuildFile; fileRef = E0FFD3602A623F3800115D9D /* PlaylistView.swift */; };
		E0FFD3642A623F4800115D9D /* MusicView.swift in Sources */ = {isa = PBXBuildFile; fileRef = E0FFD3632A623F4800115D9D /* MusicView.swift */; };
		E0FFD3802A62FFF800115D9D /* Coordinator.swift in Sources */ = {isa = PBXBuildFile; fileRef = E0FFD37F2A62FFF800115D9D /* Coordinator.swift */; };
/* End PBXBuildFile section */

/* Begin PBXFileReference section */
		E062CA282A6AC9F50018C5A2 /* MusicPlayingView.swift */ = {isa = PBXFileReference; lastKnownFileType = sourcecode.swift; path = MusicPlayingView.swift; sourceTree = "<group>"; };
		E062CA2A2A6ADE6D0018C5A2 /* ProgressBar.swift */ = {isa = PBXFileReference; lastKnownFileType = sourcecode.swift; path = ProgressBar.swift; sourceTree = "<group>"; };
		E062CA2C2A6AFB5B0018C5A2 /* SearchViewModel.swift */ = {isa = PBXFileReference; lastKnownFileType = sourcecode.swift; path = SearchViewModel.swift; sourceTree = "<group>"; };
		E070C8F72A6EB9AC0023571B /* LibraryView.swift */ = {isa = PBXFileReference; lastKnownFileType = sourcecode.swift; path = LibraryView.swift; sourceTree = "<group>"; };
		E070C8F92A6EBD330023571B /* LibraryViewModel.swift */ = {isa = PBXFileReference; lastKnownFileType = sourcecode.swift; path = LibraryViewModel.swift; sourceTree = "<group>"; };
		E077FEE92A69B67A00857A09 /* MusicViewModel.swift */ = {isa = PBXFileReference; lastKnownFileType = sourcecode.swift; path = MusicViewModel.swift; sourceTree = "<group>"; };
		E077FEEB2A69C72F00857A09 /* ProgressDraggableBar.swift */ = {isa = PBXFileReference; lastKnownFileType = sourcecode.swift; path = ProgressDraggableBar.swift; sourceTree = "<group>"; };
		E0A411542A6399A9005FEF3E /* PlaylistData.swift */ = {isa = PBXFileReference; fileEncoding = 4; lastKnownFileType = sourcecode.swift; path = PlaylistData.swift; sourceTree = "<group>"; };
		E0A411552A6399A9005FEF3E /* PlaylistData.json */ = {isa = PBXFileReference; fileEncoding = 4; lastKnownFileType = text.json; path = PlaylistData.json; sourceTree = "<group>"; };
		E0A411582A6399A9005FEF3E /* AlbumData.swift */ = {isa = PBXFileReference; fileEncoding = 4; lastKnownFileType = sourcecode.swift; path = AlbumData.swift; sourceTree = "<group>"; };
		E0A411592A6399A9005FEF3E /* AlbumData.json */ = {isa = PBXFileReference; fileEncoding = 4; lastKnownFileType = text.json; path = AlbumData.json; sourceTree = "<group>"; };
		E0A4115C2A6399A9005FEF3E /* PodcastData.swift */ = {isa = PBXFileReference; fileEncoding = 4; lastKnownFileType = sourcecode.swift; path = PodcastData.swift; sourceTree = "<group>"; };
		E0A4115D2A6399A9005FEF3E /* PodcastData.json */ = {isa = PBXFileReference; fileEncoding = 4; lastKnownFileType = text.json; path = PodcastData.json; sourceTree = "<group>"; };
		E0A411602A6399A9005FEF3E /* AlbumDetails.swift */ = {isa = PBXFileReference; fileEncoding = 4; lastKnownFileType = sourcecode.swift; path = AlbumDetails.swift; sourceTree = "<group>"; };
		E0A411612A6399A9005FEF3E /* Isles.json */ = {isa = PBXFileReference; fileEncoding = 4; lastKnownFileType = text.json; path = Isles.json; sourceTree = "<group>"; };
		E0A4116D2A6399D7005FEF3E /* Parser.swift */ = {isa = PBXFileReference; fileEncoding = 4; lastKnownFileType = sourcecode.swift; path = Parser.swift; sourceTree = "<group>"; };
		E0A4116F2A63ABE6005FEF3E /* HomeViewModel.swift */ = {isa = PBXFileReference; lastKnownFileType = sourcecode.swift; path = HomeViewModel.swift; sourceTree = "<group>"; };
		E0A411712A63AD8D005FEF3E /* PlaylistViewModel.swift */ = {isa = PBXFileReference; lastKnownFileType = sourcecode.swift; path = PlaylistViewModel.swift; sourceTree = "<group>"; };
		E0FFD3342A623DB800115D9D /* SpotifyClone1.app */ = {isa = PBXFileReference; explicitFileType = wrapper.application; includeInIndex = 0; path = SpotifyClone1.app; sourceTree = BUILT_PRODUCTS_DIR; };
		E0FFD3372A623DB800115D9D /* AppDelegate.swift */ = {isa = PBXFileReference; lastKnownFileType = sourcecode.swift; path = AppDelegate.swift; sourceTree = "<group>"; };
		E0FFD3392A623DB800115D9D /* SceneDelegate.swift */ = {isa = PBXFileReference; lastKnownFileType = sourcecode.swift; path = SceneDelegate.swift; sourceTree = "<group>"; };
		E0FFD3402A623DBB00115D9D /* Assets.xcassets */ = {isa = PBXFileReference; lastKnownFileType = folder.assetcatalog; path = Assets.xcassets; sourceTree = "<group>"; };
		E0FFD3432A623DBB00115D9D /* Base */ = {isa = PBXFileReference; lastKnownFileType = file.storyboard; name = Base; path = Base.lproj/LaunchScreen.storyboard; sourceTree = "<group>"; };
		E0FFD3452A623DBB00115D9D /* Info.plist */ = {isa = PBXFileReference; lastKnownFileType = text.plist.xml; path = Info.plist; sourceTree = "<group>"; };
		E0FFD34E2A623DE500115D9D /* SearchView.swift */ = {isa = PBXFileReference; lastKnownFileType = sourcecode.swift; path = SearchView.swift; sourceTree = "<group>"; };
		E0FFD3512A623E1A00115D9D /* SearchTextfield.swift */ = {isa = PBXFileReference; lastKnownFileType = sourcecode.swift; path = SearchTextfield.swift; sourceTree = "<group>"; };
		E0FFD3542A623E5A00115D9D /* Color+extensions.swift */ = {isa = PBXFileReference; lastKnownFileType = sourcecode.swift; path = "Color+extensions.swift"; sourceTree = "<group>"; };
		E0FFD3562A623E7200115D9D /* HomeView.swift */ = {isa = PBXFileReference; lastKnownFileType = sourcecode.swift; path = HomeView.swift; sourceTree = "<group>"; };
		E0FFD3592A623EB800115D9D /* LogInPageView.swift */ = {isa = PBXFileReference; lastKnownFileType = sourcecode.swift; path = LogInPageView.swift; sourceTree = "<group>"; };
		E0FFD35B2A623ECD00115D9D /* LogInPageViewModel.swift */ = {isa = PBXFileReference; lastKnownFileType = sourcecode.swift; path = LogInPageViewModel.swift; sourceTree = "<group>"; };
		E0FFD3602A623F3800115D9D /* PlaylistView.swift */ = {isa = PBXFileReference; lastKnownFileType = sourcecode.swift; path = PlaylistView.swift; sourceTree = "<group>"; };
		E0FFD3632A623F4800115D9D /* MusicView.swift */ = {isa = PBXFileReference; lastKnownFileType = sourcecode.swift; path = MusicView.swift; sourceTree = "<group>"; };
		E0FFD37F2A62FFF800115D9D /* Coordinator.swift */ = {isa = PBXFileReference; lastKnownFileType = sourcecode.swift; path = Coordinator.swift; sourceTree = "<group>"; };
/* End PBXFileReference section */

/* Begin PBXFrameworksBuildPhase section */
		E0FFD3312A623DB800115D9D /* Frameworks */ = {
			isa = PBXFrameworksBuildPhase;
			buildActionMask = 2147483647;
			files = (
			);
			runOnlyForDeploymentPostprocessing = 0;
		};
/* End PBXFrameworksBuildPhase section */

/* Begin PBXGroup section */
		E070C8F62A6EB98B0023571B /* Library */ = {
			isa = PBXGroup;
			children = (
				E070C8F72A6EB9AC0023571B /* LibraryView.swift */,
				E070C8F92A6EBD330023571B /* LibraryViewModel.swift */,
			);
			path = Library;
			sourceTree = "<group>";
		};
		E0A411522A6399A9005FEF3E /* Data Parsing */ = {
			isa = PBXGroup;
			children = (
				E0A411532A6399A9005FEF3E /* Playlist Parsing */,
				E0A411572A6399A9005FEF3E /* Album Parsing */,
				E0A4115B2A6399A9005FEF3E /* Podcast Parsing */,
				E0A4115F2A6399A9005FEF3E /* Album Details */,
				E0A4116D2A6399D7005FEF3E /* Parser.swift */,
			);
			path = "Data Parsing";
			sourceTree = "<group>";
		};
		E0A411532A6399A9005FEF3E /* Playlist Parsing */ = {
			isa = PBXGroup;
			children = (
				E0A411542A6399A9005FEF3E /* PlaylistData.swift */,
				E0A411552A6399A9005FEF3E /* PlaylistData.json */,
			);
			path = "Playlist Parsing";
			sourceTree = "<group>";
		};
		E0A411572A6399A9005FEF3E /* Album Parsing */ = {
			isa = PBXGroup;
			children = (
				E0A411582A6399A9005FEF3E /* AlbumData.swift */,
				E0A411592A6399A9005FEF3E /* AlbumData.json */,
			);
			path = "Album Parsing";
			sourceTree = "<group>";
		};
		E0A4115B2A6399A9005FEF3E /* Podcast Parsing */ = {
			isa = PBXGroup;
			children = (
				E0A4115C2A6399A9005FEF3E /* PodcastData.swift */,
				E0A4115D2A6399A9005FEF3E /* PodcastData.json */,
			);
			path = "Podcast Parsing";
			sourceTree = "<group>";
		};
		E0A4115F2A6399A9005FEF3E /* Album Details */ = {
			isa = PBXGroup;
			children = (
				E0A411602A6399A9005FEF3E /* AlbumDetails.swift */,
				E0A411612A6399A9005FEF3E /* Isles.json */,
			);
			path = "Album Details";
			sourceTree = "<group>";
		};
		E0FFD32B2A623DB800115D9D = {
			isa = PBXGroup;
			children = (
				E0FFD3362A623DB800115D9D /* SpotifyClone1 */,
				E0FFD3352A623DB800115D9D /* Products */,
			);
			sourceTree = "<group>";
		};
		E0FFD3352A623DB800115D9D /* Products */ = {
			isa = PBXGroup;
			children = (
				E0FFD3342A623DB800115D9D /* SpotifyClone1.app */,
			);
			name = Products;
			sourceTree = "<group>";
		};
		E0FFD3362A623DB800115D9D /* SpotifyClone1 */ = {
			isa = PBXGroup;
			children = (
				E0FFD37F2A62FFF800115D9D /* Coordinator.swift */,
				E0FFD34B2A623DC700115D9D /* Screens */,
				E0FFD3532A623E4C00115D9D /* Extensions */,
				E0FFD3502A623E0700115D9D /* Components */,
				E0A411522A6399A9005FEF3E /* Data Parsing */,
				E0FFD3372A623DB800115D9D /* AppDelegate.swift */,
				E0FFD3392A623DB800115D9D /* SceneDelegate.swift */,
				E0FFD3402A623DBB00115D9D /* Assets.xcassets */,
				E0FFD3422A623DBB00115D9D /* LaunchScreen.storyboard */,
				E0FFD3452A623DBB00115D9D /* Info.plist */,
			);
			path = SpotifyClone1;
			sourceTree = "<group>";
		};
		E0FFD34B2A623DC700115D9D /* Screens */ = {
			isa = PBXGroup;
			children = (
				E0FFD3582A623EA400115D9D /* LogIn */,
				E0FFD34C2A623DD000115D9D /* Home */,
				E0FFD34D2A623DD400115D9D /* Search */,
				E0FFD35F2A623F2B00115D9D /* Playlist */,
				E0FFD3622A623F3D00115D9D /* Music */,
				E070C8F62A6EB98B0023571B /* Library */,
			);
			path = Screens;
			sourceTree = "<group>";
		};
		E0FFD34C2A623DD000115D9D /* Home */ = {
			isa = PBXGroup;
			children = (
				E0FFD3562A623E7200115D9D /* HomeView.swift */,
				E0A4116F2A63ABE6005FEF3E /* HomeViewModel.swift */,
			);
			path = Home;
			sourceTree = "<group>";
		};
		E0FFD34D2A623DD400115D9D /* Search */ = {
			isa = PBXGroup;
			children = (
				E0FFD34E2A623DE500115D9D /* SearchView.swift */,
				E062CA2C2A6AFB5B0018C5A2 /* SearchViewModel.swift */,
			);
			path = Search;
			sourceTree = "<group>";
		};
		E0FFD3502A623E0700115D9D /* Components */ = {
			isa = PBXGroup;
			children = (
				E0FFD3512A623E1A00115D9D /* SearchTextfield.swift */,
				E062CA282A6AC9F50018C5A2 /* MusicPlayingView.swift */,
				E077FEEB2A69C72F00857A09 /* ProgressDraggableBar.swift */,
				E062CA2A2A6ADE6D0018C5A2 /* ProgressBar.swift */,
			);
			path = Components;
			sourceTree = "<group>";
		};
		E0FFD3532A623E4C00115D9D /* Extensions */ = {
			isa = PBXGroup;
			children = (
				E0FFD3542A623E5A00115D9D /* Color+extensions.swift */,
			);
			path = Extensions;
			sourceTree = "<group>";
		};
		E0FFD3582A623EA400115D9D /* LogIn */ = {
			isa = PBXGroup;
			children = (
				E0FFD3592A623EB800115D9D /* LogInPageView.swift */,
				E0FFD35B2A623ECD00115D9D /* LogInPageViewModel.swift */,
			);
			path = LogIn;
			sourceTree = "<group>";
		};
		E0FFD35F2A623F2B00115D9D /* Playlist */ = {
			isa = PBXGroup;
			children = (
				E0FFD3602A623F3800115D9D /* PlaylistView.swift */,
				E0A411712A63AD8D005FEF3E /* PlaylistViewModel.swift */,
			);
			path = Playlist;
			sourceTree = "<group>";
		};
		E0FFD3622A623F3D00115D9D /* Music */ = {
			isa = PBXGroup;
			children = (
				E0FFD3632A623F4800115D9D /* MusicView.swift */,
				E077FEE92A69B67A00857A09 /* MusicViewModel.swift */,
			);
			path = Music;
			sourceTree = "<group>";
		};
/* End PBXGroup section */

/* Begin PBXNativeTarget section */
		E0FFD3332A623DB800115D9D /* SpotifyClone1 */ = {
			isa = PBXNativeTarget;
			buildConfigurationList = E0FFD3482A623DBB00115D9D /* Build configuration list for PBXNativeTarget "SpotifyClone1" */;
			buildPhases = (
				E0FFD3302A623DB800115D9D /* Sources */,
				E0FFD3312A623DB800115D9D /* Frameworks */,
				E0FFD3322A623DB800115D9D /* Resources */,
			);
			buildRules = (
			);
			dependencies = (
			);
			name = SpotifyClone1;
			productName = SpotifyClone1;
			productReference = E0FFD3342A623DB800115D9D /* SpotifyClone1.app */;
			productType = "com.apple.product-type.application";
		};
/* End PBXNativeTarget section */

/* Begin PBXProject section */
		E0FFD32C2A623DB800115D9D /* Project object */ = {
			isa = PBXProject;
			attributes = {
				BuildIndependentTargetsInParallel = 1;
				LastSwiftUpdateCheck = 1500;
				LastUpgradeCheck = 1500;
				TargetAttributes = {
					E0FFD3332A623DB800115D9D = {
						CreatedOnToolsVersion = 15.0;
					};
				};
			};
			buildConfigurationList = E0FFD32F2A623DB800115D9D /* Build configuration list for PBXProject "SpotifyClone1" */;
			compatibilityVersion = "Xcode 14.0";
			developmentRegion = en;
			hasScannedForEncodings = 0;
			knownRegions = (
				en,
				Base,
			);
			mainGroup = E0FFD32B2A623DB800115D9D;
			productRefGroup = E0FFD3352A623DB800115D9D /* Products */;
			projectDirPath = "";
			projectRoot = "";
			targets = (
				E0FFD3332A623DB800115D9D /* SpotifyClone1 */,
			);
		};
/* End PBXProject section */

/* Begin PBXResourcesBuildPhase section */
		E0FFD3322A623DB800115D9D /* Resources */ = {
			isa = PBXResourcesBuildPhase;
			buildActionMask = 2147483647;
			files = (
				E0A4116C2A6399A9005FEF3E /* Isles.json in Resources */,
				E0FFD3442A623DBB00115D9D /* LaunchScreen.storyboard in Resources */,
				E0A411662A6399A9005FEF3E /* AlbumData.json in Resources */,
				E0A411632A6399A9005FEF3E /* PlaylistData.json in Resources */,
				E0A411692A6399A9005FEF3E /* PodcastData.json in Resources */,
				E0FFD3412A623DBB00115D9D /* Assets.xcassets in Resources */,
			);
			runOnlyForDeploymentPostprocessing = 0;
		};
/* End PBXResourcesBuildPhase section */

/* Begin PBXSourcesBuildPhase section */
		E0FFD3302A623DB800115D9D /* Sources */ = {
			isa = PBXSourcesBuildPhase;
			buildActionMask = 2147483647;
			files = (
				E0FFD34F2A623DE500115D9D /* SearchView.swift in Sources */,
				E0FFD3572A623E7200115D9D /* HomeView.swift in Sources */,
				E0A4116B2A6399A9005FEF3E /* AlbumDetails.swift in Sources */,
				E0A411722A63AD8D005FEF3E /* PlaylistViewModel.swift in Sources */,
				E070C8F82A6EB9AC0023571B /* LibraryView.swift in Sources */,
				E0A411702A63ABE6005FEF3E /* HomeViewModel.swift in Sources */,
				E0FFD3802A62FFF800115D9D /* Coordinator.swift in Sources */,
				E0FFD3522A623E1A00115D9D /* SearchTextfield.swift in Sources */,
				E070C8FA2A6EBD330023571B /* LibraryViewModel.swift in Sources */,
				E0FFD35C2A623ECD00115D9D /* LogInPageViewModel.swift in Sources */,
				E0FFD3612A623F3800115D9D /* PlaylistView.swift in Sources */,
				E0A411652A6399A9005FEF3E /* AlbumData.swift in Sources */,
				E0FFD3552A623E5A00115D9D /* Color+extensions.swift in Sources */,
				E077FEEC2A69C72F00857A09 /* ProgressDraggableBar.swift in Sources */,
				E0A411622A6399A9005FEF3E /* PlaylistData.swift in Sources */,
				E0FFD3382A623DB800115D9D /* AppDelegate.swift in Sources */,
				E062CA292A6AC9F50018C5A2 /* MusicPlayingView.swift in Sources */,
				E062CA2D2A6AFB5B0018C5A2 /* SearchViewModel.swift in Sources */,
				E0FFD33A2A623DB800115D9D /* SceneDelegate.swift in Sources */,
				E0A4116E2A6399D7005FEF3E /* Parser.swift in Sources */,
				E0FFD3642A623F4800115D9D /* MusicView.swift in Sources */,
				E0FFD35A2A623EB800115D9D /* LogInPageView.swift in Sources */,
				E077FEEA2A69B67A00857A09 /* MusicViewModel.swift in Sources */,
				E062CA2B2A6ADE6D0018C5A2 /* ProgressBar.swift in Sources */,
				E0A411682A6399A9005FEF3E /* PodcastData.swift in Sources */,
			);
			runOnlyForDeploymentPostprocessing = 0;
		};
/* End PBXSourcesBuildPhase section */

/* Begin PBXVariantGroup section */
		E0FFD3422A623DBB00115D9D /* LaunchScreen.storyboard */ = {
			isa = PBXVariantGroup;
			children = (
				E0FFD3432A623DBB00115D9D /* Base */,
			);
			name = LaunchScreen.storyboard;
			sourceTree = "<group>";
		};
/* End PBXVariantGroup section */

/* Begin XCBuildConfiguration section */
		E0FFD3462A623DBB00115D9D /* Debug */ = {
			isa = XCBuildConfiguration;
			buildSettings = {
				ALWAYS_SEARCH_USER_PATHS = NO;
				ASSETCATALOG_COMPILER_GENERATE_SWIFT_ASSET_SYMBOL_EXTENSIONS = YES;
				CLANG_ANALYZER_NONNULL = YES;
				CLANG_ANALYZER_NUMBER_OBJECT_CONVERSION = YES_AGGRESSIVE;
				CLANG_CXX_LANGUAGE_STANDARD = "gnu++20";
				CLANG_ENABLE_MODULES = YES;
				CLANG_ENABLE_OBJC_ARC = YES;
				CLANG_ENABLE_OBJC_WEAK = YES;
				CLANG_WARN_BLOCK_CAPTURE_AUTORELEASING = YES;
				CLANG_WARN_BOOL_CONVERSION = YES;
				CLANG_WARN_COMMA = YES;
				CLANG_WARN_CONSTANT_CONVERSION = YES;
				CLANG_WARN_DEPRECATED_OBJC_IMPLEMENTATIONS = YES;
				CLANG_WARN_DIRECT_OBJC_ISA_USAGE = YES_ERROR;
				CLANG_WARN_DOCUMENTATION_COMMENTS = YES;
				CLANG_WARN_EMPTY_BODY = YES;
				CLANG_WARN_ENUM_CONVERSION = YES;
				CLANG_WARN_INFINITE_RECURSION = YES;
				CLANG_WARN_INT_CONVERSION = YES;
				CLANG_WARN_NON_LITERAL_NULL_CONVERSION = YES;
				CLANG_WARN_OBJC_IMPLICIT_RETAIN_SELF = YES;
				CLANG_WARN_OBJC_LITERAL_CONVERSION = YES;
				CLANG_WARN_OBJC_ROOT_CLASS = YES_ERROR;
				CLANG_WARN_QUOTED_INCLUDE_IN_FRAMEWORK_HEADER = YES;
				CLANG_WARN_RANGE_LOOP_ANALYSIS = YES;
				CLANG_WARN_STRICT_PROTOTYPES = YES;
				CLANG_WARN_SUSPICIOUS_MOVE = YES;
				CLANG_WARN_UNGUARDED_AVAILABILITY = YES_AGGRESSIVE;
				CLANG_WARN_UNREACHABLE_CODE = YES;
				CLANG_WARN__DUPLICATE_METHOD_MATCH = YES;
				COPY_PHASE_STRIP = NO;
				DEBUG_INFORMATION_FORMAT = dwarf;
				ENABLE_STRICT_OBJC_MSGSEND = YES;
				ENABLE_TESTABILITY = YES;
				ENABLE_USER_SCRIPT_SANDBOXING = YES;
				GCC_C_LANGUAGE_STANDARD = gnu17;
				GCC_DYNAMIC_NO_PIC = NO;
				GCC_NO_COMMON_BLOCKS = YES;
				GCC_OPTIMIZATION_LEVEL = 0;
				GCC_PREPROCESSOR_DEFINITIONS = (
					"DEBUG=1",
					"$(inherited)",
				);
				GCC_WARN_64_TO_32_BIT_CONVERSION = YES;
				GCC_WARN_ABOUT_RETURN_TYPE = YES_ERROR;
				GCC_WARN_UNDECLARED_SELECTOR = YES;
				GCC_WARN_UNINITIALIZED_AUTOS = YES_AGGRESSIVE;
				GCC_WARN_UNUSED_FUNCTION = YES;
				GCC_WARN_UNUSED_VARIABLE = YES;
				IPHONEOS_DEPLOYMENT_TARGET = 17.0;
				LOCALIZATION_PREFERS_STRING_CATALOGS = YES;
				MTL_ENABLE_DEBUG_INFO = INCLUDE_SOURCE;
				MTL_FAST_MATH = YES;
				ONLY_ACTIVE_ARCH = YES;
				SDKROOT = iphoneos;
				SWIFT_ACTIVE_COMPILATION_CONDITIONS = "DEBUG $(inherited)";
				SWIFT_OPTIMIZATION_LEVEL = "-Onone";
			};
			name = Debug;
		};
		E0FFD3472A623DBB00115D9D /* Release */ = {
			isa = XCBuildConfiguration;
			buildSettings = {
				ALWAYS_SEARCH_USER_PATHS = NO;
				ASSETCATALOG_COMPILER_GENERATE_SWIFT_ASSET_SYMBOL_EXTENSIONS = YES;
				CLANG_ANALYZER_NONNULL = YES;
				CLANG_ANALYZER_NUMBER_OBJECT_CONVERSION = YES_AGGRESSIVE;
				CLANG_CXX_LANGUAGE_STANDARD = "gnu++20";
				CLANG_ENABLE_MODULES = YES;
				CLANG_ENABLE_OBJC_ARC = YES;
				CLANG_ENABLE_OBJC_WEAK = YES;
				CLANG_WARN_BLOCK_CAPTURE_AUTORELEASING = YES;
				CLANG_WARN_BOOL_CONVERSION = YES;
				CLANG_WARN_COMMA = YES;
				CLANG_WARN_CONSTANT_CONVERSION = YES;
				CLANG_WARN_DEPRECATED_OBJC_IMPLEMENTATIONS = YES;
				CLANG_WARN_DIRECT_OBJC_ISA_USAGE = YES_ERROR;
				CLANG_WARN_DOCUMENTATION_COMMENTS = YES;
				CLANG_WARN_EMPTY_BODY = YES;
				CLANG_WARN_ENUM_CONVERSION = YES;
				CLANG_WARN_INFINITE_RECURSION = YES;
				CLANG_WARN_INT_CONVERSION = YES;
				CLANG_WARN_NON_LITERAL_NULL_CONVERSION = YES;
				CLANG_WARN_OBJC_IMPLICIT_RETAIN_SELF = YES;
				CLANG_WARN_OBJC_LITERAL_CONVERSION = YES;
				CLANG_WARN_OBJC_ROOT_CLASS = YES_ERROR;
				CLANG_WARN_QUOTED_INCLUDE_IN_FRAMEWORK_HEADER = YES;
				CLANG_WARN_RANGE_LOOP_ANALYSIS = YES;
				CLANG_WARN_STRICT_PROTOTYPES = YES;
				CLANG_WARN_SUSPICIOUS_MOVE = YES;
				CLANG_WARN_UNGUARDED_AVAILABILITY = YES_AGGRESSIVE;
				CLANG_WARN_UNREACHABLE_CODE = YES;
				CLANG_WARN__DUPLICATE_METHOD_MATCH = YES;
				COPY_PHASE_STRIP = NO;
				DEBUG_INFORMATION_FORMAT = "dwarf-with-dsym";
				ENABLE_NS_ASSERTIONS = NO;
				ENABLE_STRICT_OBJC_MSGSEND = YES;
				ENABLE_USER_SCRIPT_SANDBOXING = YES;
				GCC_C_LANGUAGE_STANDARD = gnu17;
				GCC_NO_COMMON_BLOCKS = YES;
				GCC_WARN_64_TO_32_BIT_CONVERSION = YES;
				GCC_WARN_ABOUT_RETURN_TYPE = YES_ERROR;
				GCC_WARN_UNDECLARED_SELECTOR = YES;
				GCC_WARN_UNINITIALIZED_AUTOS = YES_AGGRESSIVE;
				GCC_WARN_UNUSED_FUNCTION = YES;
				GCC_WARN_UNUSED_VARIABLE = YES;
				IPHONEOS_DEPLOYMENT_TARGET = 17.0;
				LOCALIZATION_PREFERS_STRING_CATALOGS = YES;
				MTL_ENABLE_DEBUG_INFO = NO;
				MTL_FAST_MATH = YES;
				SDKROOT = iphoneos;
				SWIFT_COMPILATION_MODE = wholemodule;
				VALIDATE_PRODUCT = YES;
			};
			name = Release;
		};
		E0FFD3492A623DBB00115D9D /* Debug */ = {
			isa = XCBuildConfiguration;
			buildSettings = {
				ASSETCATALOG_COMPILER_APPICON_NAME = AppIcon;
				ASSETCATALOG_COMPILER_GLOBAL_ACCENT_COLOR_NAME = AccentColor;
				CODE_SIGN_STYLE = Automatic;
				CURRENT_PROJECT_VERSION = 1;
				DEVELOPMENT_TEAM = H348674NXB;
				GENERATE_INFOPLIST_FILE = YES;
				INFOPLIST_FILE = SpotifyClone1/Info.plist;
				INFOPLIST_KEY_UIApplicationSupportsIndirectInputEvents = YES;
				INFOPLIST_KEY_UILaunchStoryboardName = LaunchScreen;
				INFOPLIST_KEY_UISupportedInterfaceOrientations_iPad = "UIInterfaceOrientationPortrait UIInterfaceOrientationPortraitUpsideDown UIInterfaceOrientationLandscapeLeft UIInterfaceOrientationLandscapeRight";
				INFOPLIST_KEY_UISupportedInterfaceOrientations_iPhone = "UIInterfaceOrientationPortrait UIInterfaceOrientationLandscapeLeft UIInterfaceOrientationLandscapeRight";
				LD_RUNPATH_SEARCH_PATHS = (
					"$(inherited)",
					"@executable_path/Frameworks",
				);
				MARKETING_VERSION = 1.0;
				PRODUCT_BUNDLE_IDENTIFIER = com.paulolazarini.SpotifyClone1;
				PRODUCT_NAME = "$(TARGET_NAME)";
				SWIFT_EMIT_LOC_STRINGS = YES;
				SWIFT_VERSION = 5.0;
				TARGETED_DEVICE_FAMILY = "1,2";
			};
			name = Debug;
		};
		E0FFD34A2A623DBB00115D9D /* Release */ = {
			isa = XCBuildConfiguration;
			buildSettings = {
				ASSETCATALOG_COMPILER_APPICON_NAME = AppIcon;
				ASSETCATALOG_COMPILER_GLOBAL_ACCENT_COLOR_NAME = AccentColor;
				CODE_SIGN_STYLE = Automatic;
				CURRENT_PROJECT_VERSION = 1;
				DEVELOPMENT_TEAM = H348674NXB;
				GENERATE_INFOPLIST_FILE = YES;
				INFOPLIST_FILE = SpotifyClone1/Info.plist;
				INFOPLIST_KEY_UIApplicationSupportsIndirectInputEvents = YES;
				INFOPLIST_KEY_UILaunchStoryboardName = LaunchScreen;
				INFOPLIST_KEY_UISupportedInterfaceOrientations_iPad = "UIInterfaceOrientationPortrait UIInterfaceOrientationPortraitUpsideDown UIInterfaceOrientationLandscapeLeft UIInterfaceOrientationLandscapeRight";
				INFOPLIST_KEY_UISupportedInterfaceOrientations_iPhone = "UIInterfaceOrientationPortrait UIInterfaceOrientationLandscapeLeft UIInterfaceOrientationLandscapeRight";
				LD_RUNPATH_SEARCH_PATHS = (
					"$(inherited)",
					"@executable_path/Frameworks",
				);
				MARKETING_VERSION = 1.0;
				PRODUCT_BUNDLE_IDENTIFIER = com.paulolazarini.SpotifyClone1;
				PRODUCT_NAME = "$(TARGET_NAME)";
				SWIFT_EMIT_LOC_STRINGS = YES;
				SWIFT_VERSION = 5.0;
				TARGETED_DEVICE_FAMILY = "1,2";
			};
			name = Release;
		};
/* End XCBuildConfiguration section */

/* Begin XCConfigurationList section */
		E0FFD32F2A623DB800115D9D /* Build configuration list for PBXProject "SpotifyClone1" */ = {
			isa = XCConfigurationList;
			buildConfigurations = (
				E0FFD3462A623DBB00115D9D /* Debug */,
				E0FFD3472A623DBB00115D9D /* Release */,
			);
			defaultConfigurationIsVisible = 0;
			defaultConfigurationName = Release;
		};
		E0FFD3482A623DBB00115D9D /* Build configuration list for PBXNativeTarget "SpotifyClone1" */ = {
			isa = XCConfigurationList;
			buildConfigurations = (
				E0FFD3492A623DBB00115D9D /* Debug */,
				E0FFD34A2A623DBB00115D9D /* Release */,
			);
			defaultConfigurationIsVisible = 0;
			defaultConfigurationName = Release;
		};
/* End XCConfigurationList section */
	};
	rootObject = E0FFD32C2A623DB800115D9D /* Project object */;
}
